
Microsoft Visual Studio Solution File, Format Version 12.00
# Visual Studio Version 17
VisualStudioVersion = 17.9.34622.214
MinimumVisualStudioVersion = 10.0.40219.1
Project("{9A19103F-16F7-4668-BE54-9A1E7A4F7556}") = "AdoNet.Fluent.SqlServer", "AdoNet.Fluent.SqlServer\AdoNet.Fluent.SqlServer.csproj", "{1AE2C170-B0F5-4E7E-A071-37DE19D1D688}"
EndProject
Project("{9A19103F-16F7-4668-BE54-9A1E7A4F7556}") = "AdoNet.Fluent.SqlServer.Demo", "AdoNet.Fluent.SqlServer.Demo\AdoNet.Fluent.SqlServer.Demo.csproj", "{E616D519-A7A5-4DC5-B3CB-091420E23F1D}"
EndProject
Global
	GlobalSection(SolutionConfigurationPlatforms) = preSolution
		Debug|Any CPU = Debug|Any CPU
		Release|Any CPU = Release|Any CPU
	EndGlobalSection
	GlobalSection(ProjectConfigurationPlatforms) = postSolution
		{1AE2C170-B0F5-4E7E-A071-37DE19D1D688}.Debug|Any CPU.ActiveCfg = Debug|Any CPU
		{1AE2C170-B0F5-4E7E-A071-37DE19D1D688}.Debug|Any CPU.Build.0 = Debug|Any CPU
		{1AE2C170-B0F5-4E7E-A071-37DE19D1D688}.Release|Any CPU.ActiveCfg = Release|Any CPU
		{1AE2C170-B0F5-4E7E-A071-37DE19D1D688}.Release|Any CPU.Build.0 = Release|Any CPU
		{E616D519-A7A5-4DC5-B3CB-091420E23F1D}.Debug|Any CPU.ActiveCfg = Debug|Any CPU
		{E616D519-A7A5-4DC5-B3CB-091420E23F1D}.Debug|Any CPU.Build.0 = Debug|Any CPU
		{E616D519-A7A5-4DC5-B3CB-091420E23F1D}.Release|Any CPU.ActiveCfg = Release|Any CPU
	EndGlobalSection
	GlobalSection(SolutionProperties) = preSolution
		HideSolutionNode = FALSE
	EndGlobalSection
	GlobalSection(ExtensibilityGlobals) = postSolution
		SolutionGuid = {97D1A0FE-6C76-4E99-B02A-273F36F523A2}
	EndGlobalSection
EndGlobal
